
Microsoft Visual Studio Solution File, Format Version 12.00
# Visual Studio Version 17
VisualStudioVersion = 17.9.34728.123
MinimumVisualStudioVersion = 10.0.40219.1
Project("{FAE04EC0-301F-11D3-BF4B-00C04F79EFBC}") = "SDRA's CALCULATOR200419'", "SDRA's CALCULATOR200419'.csproj", "{3A22FCFF-26F4-438F-82CE-D591A36A4C21}"
EndProject
Global
	GlobalSection(SolutionConfigurationPlatforms) = preSolution
		Debug|Any CPU = Debug|Any CPU
		Release|Any CPU = Release|Any CPU
	EndGlobalSection
	GlobalSection(ProjectConfigurationPlatforms) = postSolution
		{3A22FCFF-26F4-438F-82CE-D591A36A4C21}.Debug|Any CPU.ActiveCfg = Debug|Any CPU
		{3A22FCFF-26F4-438F-82CE-D591A36A4C21}.Debug|Any CPU.Build.0 = Debug|Any CPU
		{3A22FCFF-26F4-438F-82CE-D591A36A4C21}.Release|Any CPU.ActiveCfg = Release|Any CPU
		{3A22FCFF-26F4-438F-82CE-D591A36A4C21}.Release|Any CPU.Build.0 = Release|Any CPU
	EndGlobalSection
	GlobalSection(SolutionProperties) = preSolution
		HideSolutionNode = FALSE
	EndGlobalSection
	GlobalSection(ExtensibilityGlobals) = postSolution
		SolutionGuid = {96CDC2CD-BC44-4863-80AD-57197425786D}
	EndGlobalSection
EndGlobal
